
Microsoft Visual Studio Solution File, Format Version 12.00
# Visual Studio Version 16
VisualStudioVersion = 16.0.32630.194
MinimumVisualStudioVersion = 10.0.40219.1
Project("{FAE04EC0-301F-11D3-BF4B-00C04F79EFBC}") = "Parcial modificado", "Parcial modificado\Parcial modificado.csproj", "{FC7BE011-EF2C-4644-BB02-E6CFC212BE01}"
EndProject
Global
	GlobalSection(SolutionConfigurationPlatforms) = preSolution
		Debug|Any CPU = Debug|Any CPU
		Release|Any CPU = Release|Any CPU
	EndGlobalSection
	GlobalSection(ProjectConfigurationPlatforms) = postSolution
		{FC7BE011-EF2C-4644-BB02-E6CFC212BE01}.Debug|Any CPU.ActiveCfg = Debug|Any CPU
		{FC7BE011-EF2C-4644-BB02-E6CFC212BE01}.Debug|Any CPU.Build.0 = Debug|Any CPU
		{FC7BE011-EF2C-4644-BB02-E6CFC212BE01}.Release|Any CPU.ActiveCfg = Release|Any CPU
		{FC7BE011-EF2C-4644-BB02-E6CFC212BE01}.Release|Any CPU.Build.0 = Release|Any CPU
	EndGlobalSection
	GlobalSection(SolutionProperties) = preSolution
		HideSolutionNode = FALSE
	EndGlobalSection
	GlobalSection(ExtensibilityGlobals) = postSolution
		SolutionGuid = {5F303ED9-9846-466E-B9C6-C67E76DD6A3A}
	EndGlobalSection
EndGlobal
